
Microsoft Visual Studio Solution File, Format Version 12.00
# Visual Studio 15
VisualStudioVersion = 15.0.28307.902
MinimumVisualStudioVersion = 10.0.40219.1
Project("{9A19103F-16F7-4668-BE54-9A1E7A4F7556}") = "Dreamlines.DAL", "Dreamlines.DAL\Dreamlines.DAL.csproj", "{14CA9D9C-55A1-4CBD-BF69-1516493F1C8D}"
EndProject
Project("{9A19103F-16F7-4668-BE54-9A1E7A4F7556}") = "Dreamlines.ConsoleApp", "ConsoleApp1\Dreamlines.ConsoleApp.csproj", "{1F722F09-B0AB-4174-8A82-254826D23589}"
EndProject
Project("{9A19103F-16F7-4668-BE54-9A1E7A4F7556}") = "Dreamlines.BusinessLogic", "Dreamlines.BusinessLogic\Dreamlines.BusinessLogic.csproj", "{5E0F3D4C-3CEB-4D8A-97F1-C7C04318E88D}"
EndProject
Project("{9A19103F-16F7-4668-BE54-9A1E7A4F7556}") = "Dreamlines.Test", "Dreamlines.Test\Dreamlines.Test.csproj", "{60413481-066B-45C2-B2D6-6F89D3E55F22}"
EndProject
Project("{FAE04EC0-301F-11D3-BF4B-00C04F79EFBC}") = "Dreamlines.API", "Dreamlines.API\Dreamlines.API.csproj", "{B5B63E16-8B9A-47BB-8AE0-8244EE54F8C4}"
EndProject
Global
	GlobalSection(SolutionConfigurationPlatforms) = preSolution
		Debug|Any CPU = Debug|Any CPU
		Release|Any CPU = Release|Any CPU
	EndGlobalSection
	GlobalSection(ProjectConfigurationPlatforms) = postSolution
		{14CA9D9C-55A1-4CBD-BF69-1516493F1C8D}.Debug|Any CPU.ActiveCfg = Debug|Any CPU
		{14CA9D9C-55A1-4CBD-BF69-1516493F1C8D}.Debug|Any CPU.Build.0 = Debug|Any CPU
		{14CA9D9C-55A1-4CBD-BF69-1516493F1C8D}.Release|Any CPU.ActiveCfg = Release|Any CPU
		{14CA9D9C-55A1-4CBD-BF69-1516493F1C8D}.Release|Any CPU.Build.0 = Release|Any CPU
		{1F722F09-B0AB-4174-8A82-254826D23589}.Debug|Any CPU.ActiveCfg = Debug|Any CPU
		{1F722F09-B0AB-4174-8A82-254826D23589}.Debug|Any CPU.Build.0 = Debug|Any CPU
		{1F722F09-B0AB-4174-8A82-254826D23589}.Release|Any CPU.ActiveCfg = Release|Any CPU
		{1F722F09-B0AB-4174-8A82-254826D23589}.Release|Any CPU.Build.0 = Release|Any CPU
		{5E0F3D4C-3CEB-4D8A-97F1-C7C04318E88D}.Debug|Any CPU.ActiveCfg = Debug|Any CPU
		{5E0F3D4C-3CEB-4D8A-97F1-C7C04318E88D}.Debug|Any CPU.Build.0 = Debug|Any CPU
		{5E0F3D4C-3CEB-4D8A-97F1-C7C04318E88D}.Release|Any CPU.ActiveCfg = Release|Any CPU
		{5E0F3D4C-3CEB-4D8A-97F1-C7C04318E88D}.Release|Any CPU.Build.0 = Release|Any CPU
		{60413481-066B-45C2-B2D6-6F89D3E55F22}.Debug|Any CPU.ActiveCfg = Debug|Any CPU
		{60413481-066B-45C2-B2D6-6F89D3E55F22}.Debug|Any CPU.Build.0 = Debug|Any CPU
		{60413481-066B-45C2-B2D6-6F89D3E55F22}.Release|Any CPU.ActiveCfg = Release|Any CPU
		{60413481-066B-45C2-B2D6-6F89D3E55F22}.Release|Any CPU.Build.0 = Release|Any CPU
		{B5B63E16-8B9A-47BB-8AE0-8244EE54F8C4}.Debug|Any CPU.ActiveCfg = Debug|Any CPU
		{B5B63E16-8B9A-47BB-8AE0-8244EE54F8C4}.Debug|Any CPU.Build.0 = Debug|Any CPU
		{B5B63E16-8B9A-47BB-8AE0-8244EE54F8C4}.Release|Any CPU.ActiveCfg = Release|Any CPU
		{B5B63E16-8B9A-47BB-8AE0-8244EE54F8C4}.Release|Any CPU.Build.0 = Release|Any CPU
	EndGlobalSection
	GlobalSection(SolutionProperties) = preSolution
		HideSolutionNode = FALSE
	EndGlobalSection
	GlobalSection(ExtensibilityGlobals) = postSolution
		SolutionGuid = {8C964503-F7EA-4037-984F-94264C1D4432}
	EndGlobalSection
EndGlobal
